
Microsoft Visual Studio Solution File, Format Version 12.00
# Visual Studio 15
VisualStudioVersion = 15.0.28307.329
MinimumVisualStudioVersion = 10.0.40219.1
Project("{FAE04EC0-301F-11D3-BF4B-00C04F79EFBC}") = "TeamCityHelloWorld", "TeamCityHelloWorld\TeamCityHelloWorld.csproj", "{69975857-E07C-469D-BADA-4D8BA6F2A574}"
EndProject
Project("{FAE04EC0-301F-11D3-BF4B-00C04F79EFBC}") = "TeamCityHelloWorldTests", "TeamCityHelloWorldTests\TeamCityHelloWorldTests.csproj", "{BB20AFD1-BFB4-4579-98AA-7F85EE4A9EB3}"
EndProject
Global
	GlobalSection(SolutionConfigurationPlatforms) = preSolution
		Debug|Any CPU = Debug|Any CPU
		Release|Any CPU = Release|Any CPU
	EndGlobalSection
	GlobalSection(ProjectConfigurationPlatforms) = postSolution
		{69975857-E07C-469D-BADA-4D8BA6F2A574}.Debug|Any CPU.ActiveCfg = Debug|Any CPU
		{69975857-E07C-469D-BADA-4D8BA6F2A574}.Debug|Any CPU.Build.0 = Debug|Any CPU
		{69975857-E07C-469D-BADA-4D8BA6F2A574}.Release|Any CPU.ActiveCfg = Release|Any CPU
		{69975857-E07C-469D-BADA-4D8BA6F2A574}.Release|Any CPU.Build.0 = Release|Any CPU
		{BB20AFD1-BFB4-4579-98AA-7F85EE4A9EB3}.Debug|Any CPU.ActiveCfg = Debug|Any CPU
		{BB20AFD1-BFB4-4579-98AA-7F85EE4A9EB3}.Debug|Any CPU.Build.0 = Debug|Any CPU
		{BB20AFD1-BFB4-4579-98AA-7F85EE4A9EB3}.Release|Any CPU.ActiveCfg = Release|Any CPU
		{BB20AFD1-BFB4-4579-98AA-7F85EE4A9EB3}.Release|Any CPU.Build.0 = Release|Any CPU
	EndGlobalSection
	GlobalSection(SolutionProperties) = preSolution
		HideSolutionNode = FALSE
	EndGlobalSection
	GlobalSection(ExtensibilityGlobals) = postSolution
		SolutionGuid = {625D0BA2-8017-402C-8180-06F160BFD8DA}
	EndGlobalSection
EndGlobal
